// !$*UTF8*$!
{
	archiveVersion = 1;
	classes = {
	};
	objectVersion = 50;
	objects = {

/* Begin PBXBuildFile section */
		DE2AC1BA23FC018C002854B6 /* AppDelegate.swift in Sources */ = {isa = PBXBuildFile; fileRef = DE2AC1B923FC018C002854B6 /* AppDelegate.swift */; };
		DE2AC1BC23FC018C002854B6 /* SceneDelegate.swift in Sources */ = {isa = PBXBuildFile; fileRef = DE2AC1BB23FC018C002854B6 /* SceneDelegate.swift */; };
		DE2AC1BE23FC018C002854B6 /* ViewController.swift in Sources */ = {isa = PBXBuildFile; fileRef = DE2AC1BD23FC018C002854B6 /* ViewController.swift */; };
		DE2AC1C123FC018C002854B6 /* Main.storyboard in Resources */ = {isa = PBXBuildFile; fileRef = DE2AC1BF23FC018C002854B6 /* Main.storyboard */; };
		DE2AC1C323FC018D002854B6 /* Assets.xcassets in Resources */ = {isa = PBXBuildFile; fileRef = DE2AC1C223FC018D002854B6 /* Assets.xcassets */; };
		DE2AC1C623FC018D002854B6 /* LaunchScreen.storyboard in Resources */ = {isa = PBXBuildFile; fileRef = DE2AC1C423FC018D002854B6 /* LaunchScreen.storyboard */; };
		DE2AC1D123FC018D002854B6 /* MyFriendsTests.swift in Sources */ = {isa = PBXBuildFile; fileRef = DE2AC1D023FC018D002854B6 /* MyFriendsTests.swift */; };
		DE2AC1DC23FC018D002854B6 /* MyFriendsUITests.swift in Sources */ = {isa = PBXBuildFile; fileRef = DE2AC1DB23FC018D002854B6 /* MyFriendsUITests.swift */; };
		DE2AC1EA23FC01DD002854B6 /* Friend.swift in Sources */ = {isa = PBXBuildFile; fileRef = DE2AC1E923FC01DD002854B6 /* Friend.swift */; };
/* End PBXBuildFile section */

/* Begin PBXContainerItemProxy section */
		DE2AC1CD23FC018D002854B6 /* PBXContainerItemProxy */ = {
			isa = PBXContainerItemProxy;
			containerPortal = DE2AC1AE23FC018C002854B6 /* Project object */;
			proxyType = 1;
			remoteGlobalIDString = DE2AC1B523FC018C002854B6;
			remoteInfo = MyFriends;
		};
		DE2AC1D823FC018D002854B6 /* PBXContainerItemProxy */ = {
			isa = PBXContainerItemProxy;
			containerPortal = DE2AC1AE23FC018C002854B6 /* Project object */;
			proxyType = 1;
			remoteGlobalIDString = DE2AC1B523FC018C002854B6;
			remoteInfo = MyFriends;
		};
/* End PBXContainerItemProxy section */

/* Begin PBXFileReference section */
		DE2AC1B623FC018C002854B6 /* MyFriends.app */ = {isa = PBXFileReference; explicitFileType = wrapper.application; includeInIndex = 0; path = MyFriends.app; sourceTree = BUILT_PRODUCTS_DIR; };
		DE2AC1B923FC018C002854B6 /* AppDelegate.swift */ = {isa = PBXFileReference; lastKnownFileType = sourcecode.swift; path = AppDelegate.swift; sourceTree = "<group>"; };
		DE2AC1BB23FC018C002854B6 /* SceneDelegate.swift */ = {isa = PBXFileReference; lastKnownFileType = sourcecode.swift; path = SceneDelegate.swift; sourceTree = "<group>"; };
		DE2AC1BD23FC018C002854B6 /* ViewController.swift */ = {isa = PBXFileReference; lastKnownFileType = sourcecode.swift; path = ViewController.swift; sourceTree = "<group>"; };
		DE2AC1C023FC018C002854B6 /* Base */ = {isa = PBXFileReference; lastKnownFileType = file.storyboard; name = Base; path = Base.lproj/Main.storyboard; sourceTree = "<group>"; };
		DE2AC1C223FC018D002854B6 /* Assets.xcassets */ = {isa = PBXFileReference; lastKnownFileType = folder.assetcatalog; path = Assets.xcassets; sourceTree = "<group>"; };
		DE2AC1C523FC018D002854B6 /* Base */ = {isa = PBXFileReference; lastKnownFileType = file.storyboard; name = Base; path = Base.lproj/LaunchScreen.storyboard; sourceTree = "<group>"; };
		DE2AC1C723FC018D002854B6 /* Info.plist */ = {isa = PBXFileReference; lastKnownFileType = text.plist.xml; path = Info.plist; sourceTree = "<group>"; };
		DE2AC1CC23FC018D002854B6 /* MyFriendsTests.xctest */ = {isa = PBXFileReference; explicitFileType = wrapper.cfbundle; includeInIndex = 0; path = MyFriendsTests.xctest; sourceTree = BUILT_PRODUCTS_DIR; };
		DE2AC1D023FC018D002854B6 /* MyFriendsTests.swift */ = {isa = PBXFileReference; lastKnownFileType = sourcecode.swift; path = MyFriendsTests.swift; sourceTree = "<group>"; };
		DE2AC1D223FC018D002854B6 /* Info.plist */ = {isa = PBXFileReference; lastKnownFileType = text.plist.xml; path = Info.plist; sourceTree = "<group>"; };
		DE2AC1D723FC018D002854B6 /* MyFriendsUITests.xctest */ = {isa = PBXFileReference; explicitFileType = wrapper.cfbundle; includeInIndex = 0; path = MyFriendsUITests.xctest; sourceTree = BUILT_PRODUCTS_DIR; };
		DE2AC1DB23FC018D002854B6 /* MyFriendsUITests.swift */ = {isa = PBXFileReference; lastKnownFileType = sourcecode.swift; path = MyFriendsUITests.swift; sourceTree = "<group>"; };
		DE2AC1DD23FC018D002854B6 /* Info.plist */ = {isa = PBXFileReference; lastKnownFileType = text.plist.xml; path = Info.plist; sourceTree = "<group>"; };
		DE2AC1E923FC01DD002854B6 /* Friend.swift */ = {isa = PBXFileReference; lastKnownFileType = sourcecode.swift; path = Friend.swift; sourceTree = "<group>"; };
/* End PBXFileReference section */

/* Begin PBXFrameworksBuildPhase section */
		DE2AC1B323FC018C002854B6 /* Frameworks */ = {
			isa = PBXFrameworksBuildPhase;
			buildActionMask = 2147483647;
			files = (
			);
			runOnlyForDeploymentPostprocessing = 0;
		};
		DE2AC1C923FC018D002854B6 /* Frameworks */ = {
			isa = PBXFrameworksBuildPhase;
			buildActionMask = 2147483647;
			files = (
			);
			runOnlyForDeploymentPostprocessing = 0;
		};
		DE2AC1D423FC018D002854B6 /* Frameworks */ = {
			isa = PBXFrameworksBuildPhase;
			buildActionMask = 2147483647;
			files = (
			);
			runOnlyForDeploymentPostprocessing = 0;
		};
/* End PBXFrameworksBuildPhase section */

/* Begin PBXGroup section */
		DE2AC1AD23FC018C002854B6 = {
			isa = PBXGroup;
			children = (
				DE2AC1B823FC018C002854B6 /* MyFriends */,
				DE2AC1CF23FC018D002854B6 /* MyFriendsTests */,
				DE2AC1DA23FC018D002854B6 /* MyFriendsUITests */,
				DE2AC1B723FC018C002854B6 /* Products */,
			);
			sourceTree = "<group>";
		};
		DE2AC1B723FC018C002854B6 /* Products */ = {
			isa = PBXGroup;
			children = (
				DE2AC1B623FC018C002854B6 /* MyFriends.app */,
				DE2AC1CC23FC018D002854B6 /* MyFriendsTests.xctest */,
				DE2AC1D723FC018D002854B6 /* MyFriendsUITests.xctest */,
			);
			name = Products;
			sourceTree = "<group>";
		};
		DE2AC1B823FC018C002854B6 /* MyFriends */ = {
			isa = PBXGroup;
			children = (
				DE2AC1B923FC018C002854B6 /* AppDelegate.swift */,
				DE2AC1BB23FC018C002854B6 /* SceneDelegate.swift */,
				DE2AC1BD23FC018C002854B6 /* ViewController.swift */,
				DE2AC1BF23FC018C002854B6 /* Main.storyboard */,
				DE2AC1C223FC018D002854B6 /* Assets.xcassets */,
				DE2AC1E923FC01DD002854B6 /* Friend.swift */,
				DE2AC1C423FC018D002854B6 /* LaunchScreen.storyboard */,
				DE2AC1C723FC018D002854B6 /* Info.plist */,
			);
			path = MyFriends;
			sourceTree = "<group>";
		};
		DE2AC1CF23FC018D002854B6 /* MyFriendsTests */ = {
			isa = PBXGroup;
			children = (
				DE2AC1D023FC018D002854B6 /* MyFriendsTests.swift */,
				DE2AC1D223FC018D002854B6 /* Info.plist */,
			);
			path = MyFriendsTests;
			sourceTree = "<group>";
		};
		DE2AC1DA23FC018D002854B6 /* MyFriendsUITests */ = {
			isa = PBXGroup;
			children = (
				DE2AC1DB23FC018D002854B6 /* MyFriendsUITests.swift */,
				DE2AC1DD23FC018D002854B6 /* Info.plist */,
			);
			path = MyFriendsUITests;
			sourceTree = "<group>";
		};
/* End PBXGroup section */

/* Begin PBXNativeTarget section */
		DE2AC1B523FC018C002854B6 /* MyFriends */ = {
			isa = PBXNativeTarget;
			buildConfigurationList = DE2AC1E023FC018D002854B6 /* Build configuration list for PBXNativeTarget "MyFriends" */;
			buildPhases = (
				DE2AC1B223FC018C002854B6 /* Sources */,
				DE2AC1B323FC018C002854B6 /* Frameworks */,
				DE2AC1B423FC018C002854B6 /* Resources */,
			);
			buildRules = (
			);
			dependencies = (
			);
			name = MyFriends;
			productName = MyFriends;
			productReference = DE2AC1B623FC018C002854B6 /* MyFriends.app */;
			productType = "com.apple.product-type.application";
		};
		DE2AC1CB23FC018D002854B6 /* MyFriendsTests */ = {
			isa = PBXNativeTarget;
			buildConfigurationList = DE2AC1E323FC018D002854B6 /* Build configuration list for PBXNativeTarget "MyFriendsTests" */;
			buildPhases = (
				DE2AC1C823FC018D002854B6 /* Sources */,
				DE2AC1C923FC018D002854B6 /* Frameworks */,
				DE2AC1CA23FC018D002854B6 /* Resources */,
			);
			buildRules = (
			);
			dependencies = (
				DE2AC1CE23FC018D002854B6 /* PBXTargetDependency */,
			);
			name = MyFriendsTests;
			productName = MyFriendsTests;
			productReference = DE2AC1CC23FC018D002854B6 /* MyFriendsTests.xctest */;
			productType = "com.apple.product-type.bundle.unit-test";
		};
		DE2AC1D623FC018D002854B6 /* MyFriendsUITests */ = {
			isa = PBXNativeTarget;
			buildConfigurationList = DE2AC1E623FC018D002854B6 /* Build configuration list for PBXNativeTarget "MyFriendsUITests" */;
			buildPhases = (
				DE2AC1D323FC018D002854B6 /* Sources */,
				DE2AC1D423FC018D002854B6 /* Frameworks */,
				DE2AC1D523FC018D002854B6 /* Resources */,
			);
			buildRules = (
			);
			dependencies = (
				DE2AC1D923FC018D002854B6 /* PBXTargetDependency */,
			);
			name = MyFriendsUITests;
			productName = MyFriendsUITests;
			productReference = DE2AC1D723FC018D002854B6 /* MyFriendsUITests.xctest */;
			productType = "com.apple.product-type.bundle.ui-testing";
		};
/* End PBXNativeTarget section */

/* Begin PBXProject section */
		DE2AC1AE23FC018C002854B6 /* Project object */ = {
			isa = PBXProject;
			attributes = {
				LastSwiftUpdateCheck = 1130;
				LastUpgradeCheck = 1130;
				ORGANIZATIONNAME = Terry;
				TargetAttributes = {
					DE2AC1B523FC018C002854B6 = {
						CreatedOnToolsVersion = 11.3.1;
					};
					DE2AC1CB23FC018D002854B6 = {
						CreatedOnToolsVersion = 11.3.1;
						TestTargetID = DE2AC1B523FC018C002854B6;
					};
					DE2AC1D623FC018D002854B6 = {
						CreatedOnToolsVersion = 11.3.1;
						TestTargetID = DE2AC1B523FC018C002854B6;
					};
				};
			};
			buildConfigurationList = DE2AC1B123FC018C002854B6 /* Build configuration list for PBXProject "MyFriends" */;
			compatibilityVersion = "Xcode 9.3";
			developmentRegion = en;
			hasScannedForEncodings = 0;
			knownRegions = (
				en,
				Base,
			);
			mainGroup = DE2AC1AD23FC018C002854B6;
			productRefGroup = DE2AC1B723FC018C002854B6 /* Products */;
			projectDirPath = "";
			projectRoot = "";
			targets = (
				DE2AC1B523FC018C002854B6 /* MyFriends */,
				DE2AC1CB23FC018D002854B6 /* MyFriendsTests */,
				DE2AC1D623FC018D002854B6 /* MyFriendsUITests */,
			);
		};
/* End PBXProject section */

/* Begin PBXResourcesBuildPhase section */
		DE2AC1B423FC018C002854B6 /* Resources */ = {
			isa = PBXResourcesBuildPhase;
			buildActionMask = 2147483647;
			files = (
				DE2AC1C623FC018D002854B6 /* LaunchScreen.storyboard in Resources */,
				DE2AC1C323FC018D002854B6 /* Assets.xcassets in Resources */,
				DE2AC1C123FC018C002854B6 /* Main.storyboard in Resources */,
			);
			runOnlyForDeploymentPostprocessing = 0;
		};
		DE2AC1CA23FC018D002854B6 /* Resources */ = {
			isa = PBXResourcesBuildPhase;
			buildActionMask = 2147483647;
			files = (
			);
			runOnlyForDeploymentPostprocessing = 0;
		};
		DE2AC1D523FC018D002854B6 /* Resources */ = {
			isa = PBXResourcesBuildPhase;
			buildActionMask = 2147483647;
			files = (
			);
			runOnlyForDeploymentPostprocessing = 0;
		};
/* End PBXResourcesBuildPhase section */

/* Begin PBXSourcesBuildPhase section */
		DE2AC1B223FC018C002854B6 /* Sources */ = {
			isa = PBXSourcesBuildPhase;
			buildActionMask = 2147483647;
			files = (
				DE2AC1BE23FC018C002854B6 /* ViewController.swift in Sources */,
				DE2AC1BA23FC018C002854B6 /* AppDelegate.swift in Sources */,
				DE2AC1BC23FC018C002854B6 /* SceneDelegate.swift in Sources */,
				DE2AC1EA23FC01DD002854B6 /* Friend.swift in Sources */,
			);
			runOnlyForDeploymentPostprocessing = 0;
		};
		DE2AC1C823FC018D002854B6 /* Sources */ = {
			isa = PBXSourcesBuildPhase;
			buildActionMask = 2147483647;
			files = (
				DE2AC1D123FC018D002854B6 /* MyFriendsTests.swift in Sources */,
			);
			runOnlyForDeploymentPostprocessing = 0;
		};
		DE2AC1D323FC018D002854B6 /* Sources */ = {
			isa = PBXSourcesBuildPhase;
			buildActionMask = 2147483647;
			files = (
				DE2AC1DC23FC018D002854B6 /* MyFriendsUITests.swift in Sources */,
			);
			runOnlyForDeploymentPostprocessing = 0;
		};
/* End PBXSourcesBuildPhase section */

/* Begin PBXTargetDependency section */
		DE2AC1CE23FC018D002854B6 /* PBXTargetDependency */ = {
			isa = PBXTargetDependency;
			target = DE2AC1B523FC018C002854B6 /* MyFriends */;
			targetProxy = DE2AC1CD23FC018D002854B6 /* PBXContainerItemProxy */;
		};
		DE2AC1D923FC018D002854B6 /* PBXTargetDependency */ = {
			isa = PBXTargetDependency;
			target = DE2AC1B523FC018C002854B6 /* MyFriends */;
			targetProxy = DE2AC1D823FC018D002854B6 /* PBXContainerItemProxy */;
		};
/* End PBXTargetDependency section */

/* Begin PBXVariantGroup section */
		DE2AC1BF23FC018C002854B6 /* Main.storyboard */ = {
			isa = PBXVariantGroup;
			children = (
				DE2AC1C023FC018C002854B6 /* Base */,
			);
			name = Main.storyboard;
			sourceTree = "<group>";
		};
		DE2AC1C423FC018D002854B6 /* LaunchScreen.storyboard */ = {
			isa = PBXVariantGroup;
			children = (
				DE2AC1C523FC018D002854B6 /* Base */,
			);
			name = LaunchScreen.storyboard;
			sourceTree = "<group>";
		};
/* End PBXVariantGroup section */

/* Begin XCBuildConfiguration section */
		DE2AC1DE23FC018D002854B6 /* Debug */ = {
			isa = XCBuildConfiguration;
			buildSettings = {
				ALWAYS_SEARCH_USER_PATHS = NO;
				CLANG_ANALYZER_NONNULL = YES;
				CLANG_ANALYZER_NUMBER_OBJECT_CONVERSION = YES_AGGRESSIVE;
				CLANG_CXX_LANGUAGE_STANDARD = "gnu++14";
				CLANG_CXX_LIBRARY = "libc++";
				CLANG_ENABLE_MODULES = YES;
				CLANG_ENABLE_OBJC_ARC = YES;
				CLANG_ENABLE_OBJC_WEAK = YES;
				CLANG_WARN_BLOCK_CAPTURE_AUTORELEASING = YES;
				CLANG_WARN_BOOL_CONVERSION = YES;
				CLANG_WARN_COMMA = YES;
				CLANG_WARN_CONSTANT_CONVERSION = YES;
				CLANG_WARN_DEPRECATED_OBJC_IMPLEMENTATIONS = YES;
				CLANG_WARN_DIRECT_OBJC_ISA_USAGE = YES_ERROR;
				CLANG_WARN_DOCUMENTATION_COMMENTS = YES;
				CLANG_WARN_EMPTY_BODY = YES;
				CLANG_WARN_ENUM_CONVERSION = YES;
				CLANG_WARN_INFINITE_RECURSION = YES;
				CLANG_WARN_INT_CONVERSION = YES;
				CLANG_WARN_NON_LITERAL_NULL_CONVERSION = YES;
				CLANG_WARN_OBJC_IMPLICIT_RETAIN_SELF = YES;
				CLANG_WARN_OBJC_LITERAL_CONVERSION = YES;
				CLANG_WARN_OBJC_ROOT_CLASS = YES_ERROR;
				CLANG_WARN_RANGE_LOOP_ANALYSIS = YES;
				CLANG_WARN_STRICT_PROTOTYPES = YES;
				CLANG_WARN_SUSPICIOUS_MOVE = YES;
				CLANG_WARN_UNGUARDED_AVAILABILITY = YES_AGGRESSIVE;
				CLANG_WARN_UNREACHABLE_CODE = YES;
				CLANG_WARN__DUPLICATE_METHOD_MATCH = YES;
				COPY_PHASE_STRIP = NO;
				DEBUG_INFORMATION_FORMAT = dwarf;
				ENABLE_STRICT_OBJC_MSGSEND = YES;
				ENABLE_TESTABILITY = YES;
				GCC_C_LANGUAGE_STANDARD = gnu11;
				GCC_DYNAMIC_NO_PIC = NO;
				GCC_NO_COMMON_BLOCKS = YES;
				GCC_OPTIMIZATION_LEVEL = 0;
				GCC_PREPROCESSOR_DEFINITIONS = (
					"DEBUG=1",
					"$(inherited)",
				);
				GCC_WARN_64_TO_32_BIT_CONVERSION = YES;
				GCC_WARN_ABOUT_RETURN_TYPE = YES_ERROR;
				GCC_WARN_UNDECLARED_SELECTOR = YES;
				GCC_WARN_UNINITIALIZED_AUTOS = YES_AGGRESSIVE;
				GCC_WARN_UNUSED_FUNCTION = YES;
				GCC_WARN_UNUSED_VARIABLE = YES;
				IPHONEOS_DEPLOYMENT_TARGET = 13.2;
				MTL_ENABLE_DEBUG_INFO = INCLUDE_SOURCE;
				MTL_FAST_MATH = YES;
				ONLY_ACTIVE_ARCH = YES;
				SDKROOT = iphoneos;
				SWIFT_ACTIVE_COMPILATION_CONDITIONS = DEBUG;
				SWIFT_OPTIMIZATION_LEVEL = "-Onone";
			};
			name = Debug;
		};
		DE2AC1DF23FC018D002854B6 /* Release */ = {
			isa = XCBuildConfiguration;
			buildSettings = {
				ALWAYS_SEARCH_USER_PATHS = NO;
				CLANG_ANALYZER_NONNULL = YES;
				CLANG_ANALYZER_NUMBER_OBJECT_CONVERSION = YES_AGGRESSIVE;
				CLANG_CXX_LANGUAGE_STANDARD = "gnu++14";
				CLANG_CXX_LIBRARY = "libc++";
				CLANG_ENABLE_MODULES = YES;
				CLANG_ENABLE_OBJC_ARC = YES;
				CLANG_ENABLE_OBJC_WEAK = YES;
				CLANG_WARN_BLOCK_CAPTURE_AUTORELEASING = YES;
				CLANG_WARN_BOOL_CONVERSION = YES;
				CLANG_WARN_COMMA = YES;
				CLANG_WARN_CONSTANT_CONVERSION = YES;
				CLANG_WARN_DEPRECATED_OBJC_IMPLEMENTATIONS = YES;
				CLANG_WARN_DIRECT_OBJC_ISA_USAGE = YES_ERROR;
				CLANG_WARN_DOCUMENTATION_COMMENTS = YES;
				CLANG_WARN_EMPTY_BODY = YES;
				CLANG_WARN_ENUM_CONVERSION = YES;
				CLANG_WARN_INFINITE_RECURSION = YES;
				CLANG_WARN_INT_CONVERSION = YES;
				CLANG_WARN_NON_LITERAL_NULL_CONVERSION = YES;
				CLANG_WARN_OBJC_IMPLICIT_RETAIN_SELF = YES;
				CLANG_WARN_OBJC_LITERAL_CONVERSION = YES;
				CLANG_WARN_OBJC_ROOT_CLASS = YES_ERROR;
				CLANG_WARN_RANGE_LOOP_ANALYSIS = YES;
				CLANG_WARN_STRICT_PROTOTYPES = YES;
				CLANG_WARN_SUSPICIOUS_MOVE = YES;
				CLANG_WARN_UNGUARDED_AVAILABILITY = YES_AGGRESSIVE;
				CLANG_WARN_UNREACHABLE_CODE = YES;
				CLANG_WARN__DUPLICATE_METHOD_MATCH = YES;
				COPY_PHASE_STRIP = NO;
				DEBUG_INFORMATION_FORMAT = "dwarf-with-dsym";
				ENABLE_NS_ASSERTIONS = NO;
				ENABLE_STRICT_OBJC_MSGSEND = YES;
				GCC_C_LANGUAGE_STANDARD = gnu11;
				GCC_NO_COMMON_BLOCKS = YES;
				GCC_WARN_64_TO_32_BIT_CONVERSION = YES;
				GCC_WARN_ABOUT_RETURN_TYPE = YES_ERROR;
				GCC_WARN_UNDECLARED_SELECTOR = YES;
				GCC_WARN_UNINITIALIZED_AUTOS = YES_AGGRESSIVE;
				GCC_WARN_UNUSED_FUNCTION = YES;
				GCC_WARN_UNUSED_VARIABLE = YES;
				IPHONEOS_DEPLOYMENT_TARGET = 13.2;
				MTL_ENABLE_DEBUG_INFO = NO;
				MTL_FAST_MATH = YES;
				SDKROOT = iphoneos;
				SWIFT_COMPILATION_MODE = wholemodule;
				SWIFT_OPTIMIZATION_LEVEL = "-O";
				VALIDATE_PRODUCT = YES;
			};
			name = Release;
		};
		DE2AC1E123FC018D002854B6 /* Debug */ = {
			isa = XCBuildConfiguration;
			buildSettings = {
				ASSETCATALOG_COMPILER_APPICON_NAME = AppIcon;
				CODE_SIGN_STYLE = Automatic;
				INFOPLIST_FILE = MyFriends/Info.plist;
				LD_RUNPATH_SEARCH_PATHS = (
					"$(inherited)",
					"@executable_path/Frameworks",
				);
				PRODUCT_BUNDLE_IDENTIFIER = com.Terry.MyFriends;
				PRODUCT_NAME = "$(TARGET_NAME)";
				SWIFT_VERSION = 5.0;
				TARGETED_DEVICE_FAMILY = "1,2";
			};
			name = Debug;
		};
		DE2AC1E223FC018D002854B6 /* Release */ = {
			isa = XCBuildConfiguration;
			buildSettings = {
				ASSETCATALOG_COMPILER_APPICON_NAME = AppIcon;
				CODE_SIGN_STYLE = Automatic;
				INFOPLIST_FILE = MyFriends/Info.plist;
				LD_RUNPATH_SEARCH_PATHS = (
					"$(inherited)",
					"@executable_path/Frameworks",
				);
				PRODUCT_BUNDLE_IDENTIFIER = com.Terry.MyFriends;
				PRODUCT_NAME = "$(TARGET_NAME)";
				SWIFT_VERSION = 5.0;
				TARGETED_DEVICE_FAMILY = "1,2";
			};
			name = Release;
		};
		DE2AC1E423FC018D002854B6 /* Debug */ = {
			isa = XCBuildConfiguration;
			buildSettings = {
				ALWAYS_EMBED_SWIFT_STANDARD_LIBRARIES = YES;
				BUNDLE_LOADER = "$(TEST_HOST)";
				CODE_SIGN_STYLE = Automatic;
				INFOPLIST_FILE = MyFriendsTests/Info.plist;
				IPHONEOS_DEPLOYMENT_TARGET = 13.2;
				LD_RUNPATH_SEARCH_PATHS = (
					"$(inherited)",
					"@executable_path/Frameworks",
					"@loader_path/Frameworks",
				);
				PRODUCT_BUNDLE_IDENTIFIER = com.Terry.MyFriendsTests;
				PRODUCT_NAME = "$(TARGET_NAME)";
				SWIFT_VERSION = 5.0;
				TARGETED_DEVICE_FAMILY = "1,2";
				TEST_HOST = "$(BUILT_PRODUCTS_DIR)/MyFriends.app/MyFriends";
			};
			name = Debug;
		};
		DE2AC1E523FC018D002854B6 /* Release */ = {
			isa = XCBuildConfiguration;
			buildSettings = {
				ALWAYS_EMBED_SWIFT_STANDARD_LIBRARIES = YES;
				BUNDLE_LOADER = "$(TEST_HOST)";
				CODE_SIGN_STYLE = Automatic;
				INFOPLIST_FILE = MyFriendsTests/Info.plist;
				IPHONEOS_DEPLOYMENT_TARGET = 13.2;
				LD_RUNPATH_SEARCH_PATHS = (
					"$(inherited)",
					"@executable_path/Frameworks",
					"@loader_path/Frameworks",
				);
				PRODUCT_BUNDLE_IDENTIFIER = com.Terry.MyFriendsTests;
				PRODUCT_NAME = "$(TARGET_NAME)";
				SWIFT_VERSION = 5.0;
				TARGETED_DEVICE_FAMILY = "1,2";
				TEST_HOST = "$(BUILT_PRODUCTS_DIR)/MyFriends.app/MyFriends";
			};
			name = Release;
		};
		DE2AC1E723FC018D002854B6 /* Debug */ = {
			isa = XCBuildConfiguration;
			buildSettings = {
				ALWAYS_EMBED_SWIFT_STANDARD_LIBRARIES = YES;
				CODE_SIGN_STYLE = Automatic;
				INFOPLIST_FILE = MyFriendsUITests/Info.plist;
				LD_RUNPATH_SEARCH_PATHS = (
					"$(inherited)",
					"@executable_path/Frameworks",
					"@loader_path/Frameworks",
				);
				PRODUCT_BUNDLE_IDENTIFIER = com.Terry.MyFriendsUITests;
				PRODUCT_NAME = "$(TARGET_NAME)";
				SWIFT_VERSION = 5.0;
				TARGETED_DEVICE_FAMILY = "1,2";
				TEST_TARGET_NAME = MyFriends;
			};
			name = Debug;
		};
		DE2AC1E823FC018D002854B6 /* Release */ = {
			isa = XCBuildConfiguration;
			buildSettings = {
				ALWAYS_EMBED_SWIFT_STANDARD_LIBRARIES = YES;
				CODE_SIGN_STYLE = Automatic;
				INFOPLIST_FILE = MyFriendsUITests/Info.plist;
				LD_RUNPATH_SEARCH_PATHS = (
					"$(inherited)",
					"@executable_path/Frameworks",
					"@loader_path/Frameworks",
				);
				PRODUCT_BUNDLE_IDENTIFIER = com.Terry.MyFriendsUITests;
				PRODUCT_NAME = "$(TARGET_NAME)";
				SWIFT_VERSION = 5.0;
				TARGETED_DEVICE_FAMILY = "1,2";
				TEST_TARGET_NAME = MyFriends;
			};
			name = Release;
		};
/* End XCBuildConfiguration section */

/* Begin XCConfigurationList section */
		DE2AC1B123FC018C002854B6 /* Build configuration list for PBXProject "MyFriends" */ = {
			isa = XCConfigurationList;
			buildConfigurations = (
				DE2AC1DE23FC018D002854B6 /* Debug */,
				DE2AC1DF23FC018D002854B6 /* Release */,
			);
			defaultConfigurationIsVisible = 0;
			defaultConfigurationName = Release;
		};
		DE2AC1E023FC018D002854B6 /* Build configuration list for PBXNativeTarget "MyFriends" */ = {
			isa = XCConfigurationList;
			buildConfigurations = (
				DE2AC1E123FC018D002854B6 /* Debug */,
				DE2AC1E223FC018D002854B6 /* Release */,
			);
			defaultConfigurationIsVisible = 0;
			defaultConfigurationName = Release;
		};
		DE2AC1E323FC018D002854B6 /* Build configuration list for PBXNativeTarget "MyFriendsTests" */ = {
			isa = XCConfigurationList;
			buildConfigurations = (
				DE2AC1E423FC018D002854B6 /* Debug */,
				DE2AC1E523FC018D002854B6 /* Release */,
			);
			defaultConfigurationIsVisible = 0;
			defaultConfigurationName = Release;
		};
		DE2AC1E623FC018D002854B6 /* Build configuration list for PBXNativeTarget "MyFriendsUITests" */ = {
			isa = XCConfigurationList;
			buildConfigurations = (
				DE2AC1E723FC018D002854B6 /* Debug */,
				DE2AC1E823FC018D002854B6 /* Release */,
			);
			defaultConfigurationIsVisible = 0;
			defaultConfigurationName = Release;
		};
/* End XCConfigurationList section */
	};
	rootObject = DE2AC1AE23FC018C002854B6 /* Project object */;
}
